// !$*UTF8*$!
{
	archiveVersion = 1;
	classes = {
	};
	objectVersion = 56;
	objects = {

/* Begin PBXBuildFile section */
		57235F072B3312A10016D965 /* LandingView.swift in Sources */ = {isa = PBXBuildFile; fileRef = 57235F062B3312A10016D965 /* LandingView.swift */; };
		57F7D21D2B32A88B00E48C3C /* testApp.swift in Sources */ = {isa = PBXBuildFile; fileRef = 57F7D21C2B32A88B00E48C3C /* testApp.swift */; };
		57F7D21F2B32A88B00E48C3C /* ContentView.swift in Sources */ = {isa = PBXBuildFile; fileRef = 57F7D21E2B32A88B00E48C3C /* ContentView.swift */; };
		57F7D2212B32A88C00E48C3C /* Assets.xcassets in Resources */ = {isa = PBXBuildFile; fileRef = 57F7D2202B32A88C00E48C3C /* Assets.xcassets */; };
		57F7D2242B32A88C00E48C3C /* Preview Assets.xcassets in Resources */ = {isa = PBXBuildFile; fileRef = 57F7D2232B32A88C00E48C3C /* Preview Assets.xcassets */; };
		57F7D22D2B32AA4800E48C3C /* GoogleService-Info.plist in Resources */ = {isa = PBXBuildFile; fileRef = 57F7D22C2B32AA4800E48C3C /* GoogleService-Info.plist */; };
		57F7D2302B32AB2B00E48C3C /* FirebaseAnalytics in Frameworks */ = {isa = PBXBuildFile; productRef = 57F7D22F2B32AB2B00E48C3C /* FirebaseAnalytics */; };
		57F7D2322B32AB2B00E48C3C /* FirebaseAnalyticsOnDeviceConversion in Frameworks */ = {isa = PBXBuildFile; productRef = 57F7D2312B32AB2B00E48C3C /* FirebaseAnalyticsOnDeviceConversion */; };
		57F7D2342B32AB2B00E48C3C /* FirebaseAnalyticsSwift in Frameworks */ = {isa = PBXBuildFile; productRef = 57F7D2332B32AB2B00E48C3C /* FirebaseAnalyticsSwift */; };
		57F7D2362B32AB2B00E48C3C /* FirebaseAnalyticsWithoutAdIdSupport in Frameworks */ = {isa = PBXBuildFile; productRef = 57F7D2352B32AB2B00E48C3C /* FirebaseAnalyticsWithoutAdIdSupport */; };
		57F7D2382B32AB2B00E48C3C /* FirebaseAppCheck in Frameworks */ = {isa = PBXBuildFile; productRef = 57F7D2372B32AB2B00E48C3C /* FirebaseAppCheck */; };
		57F7D23A2B32AB2B00E48C3C /* FirebaseAppDistribution-Beta in Frameworks */ = {isa = PBXBuildFile; productRef = 57F7D2392B32AB2B00E48C3C /* FirebaseAppDistribution-Beta */; };
		57F7D23C2B32AB2B00E48C3C /* FirebaseAuth in Frameworks */ = {isa = PBXBuildFile; productRef = 57F7D23B2B32AB2B00E48C3C /* FirebaseAuth */; };
		57F7D23E2B32AB2B00E48C3C /* FirebaseAuthCombine-Community in Frameworks */ = {isa = PBXBuildFile; productRef = 57F7D23D2B32AB2B00E48C3C /* FirebaseAuthCombine-Community */; };
		57F7D2402B32AB2B00E48C3C /* FirebaseCrashlytics in Frameworks */ = {isa = PBXBuildFile; productRef = 57F7D23F2B32AB2B00E48C3C /* FirebaseCrashlytics */; };
		57F7D2422B32AB2B00E48C3C /* FirebaseDatabase in Frameworks */ = {isa = PBXBuildFile; productRef = 57F7D2412B32AB2B00E48C3C /* FirebaseDatabase */; };
		57F7D2442B32AB2B00E48C3C /* FirebaseDatabaseSwift in Frameworks */ = {isa = PBXBuildFile; productRef = 57F7D2432B32AB2B00E48C3C /* FirebaseDatabaseSwift */; };
		57F7D2462B32AB2B00E48C3C /* FirebaseDynamicLinks in Frameworks */ = {isa = PBXBuildFile; productRef = 57F7D2452B32AB2B00E48C3C /* FirebaseDynamicLinks */; };
		57F7D2482B32AB2B00E48C3C /* FirebaseFirestore in Frameworks */ = {isa = PBXBuildFile; productRef = 57F7D2472B32AB2B00E48C3C /* FirebaseFirestore */; };
		57F7D24A2B32AB2B00E48C3C /* FirebaseFirestoreCombine-Community in Frameworks */ = {isa = PBXBuildFile; productRef = 57F7D2492B32AB2B00E48C3C /* FirebaseFirestoreCombine-Community */; };
		57F7D24C2B32AB2B00E48C3C /* FirebaseFirestoreSwift in Frameworks */ = {isa = PBXBuildFile; productRef = 57F7D24B2B32AB2B00E48C3C /* FirebaseFirestoreSwift */; };
		57F7D24E2B32AB2B00E48C3C /* FirebaseFunctions in Frameworks */ = {isa = PBXBuildFile; productRef = 57F7D24D2B32AB2B00E48C3C /* FirebaseFunctions */; };
		57F7D2502B32AB2B00E48C3C /* FirebaseFunctionsCombine-Community in Frameworks */ = {isa = PBXBuildFile; productRef = 57F7D24F2B32AB2B00E48C3C /* FirebaseFunctionsCombine-Community */; };
		57F7D2522B32AB2B00E48C3C /* FirebaseInAppMessaging-Beta in Frameworks */ = {isa = PBXBuildFile; productRef = 57F7D2512B32AB2B00E48C3C /* FirebaseInAppMessaging-Beta */; };
		57F7D2542B32AB2B00E48C3C /* FirebaseInAppMessagingSwift-Beta in Frameworks */ = {isa = PBXBuildFile; productRef = 57F7D2532B32AB2B00E48C3C /* FirebaseInAppMessagingSwift-Beta */; };
		57F7D2562B32AB2B00E48C3C /* FirebaseInstallations in Frameworks */ = {isa = PBXBuildFile; productRef = 57F7D2552B32AB2B00E48C3C /* FirebaseInstallations */; };
		57F7D2582B32AB2B00E48C3C /* FirebaseMLModelDownloader in Frameworks */ = {isa = PBXBuildFile; productRef = 57F7D2572B32AB2B00E48C3C /* FirebaseMLModelDownloader */; };
		57F7D25A2B32AB2B00E48C3C /* FirebaseMessaging in Frameworks */ = {isa = PBXBuildFile; productRef = 57F7D2592B32AB2B00E48C3C /* FirebaseMessaging */; };
		57F7D25C2B32AB2B00E48C3C /* FirebasePerformance in Frameworks */ = {isa = PBXBuildFile; productRef = 57F7D25B2B32AB2B00E48C3C /* FirebasePerformance */; };
		57F7D25E2B32AB2B00E48C3C /* FirebaseRemoteConfig in Frameworks */ = {isa = PBXBuildFile; productRef = 57F7D25D2B32AB2B00E48C3C /* FirebaseRemoteConfig */; };
		57F7D2602B32AB2B00E48C3C /* FirebaseRemoteConfigSwift in Frameworks */ = {isa = PBXBuildFile; productRef = 57F7D25F2B32AB2B00E48C3C /* FirebaseRemoteConfigSwift */; };
		57F7D2622B32AB2B00E48C3C /* FirebaseStorage in Frameworks */ = {isa = PBXBuildFile; productRef = 57F7D2612B32AB2B00E48C3C /* FirebaseStorage */; };
		57F7D2642B32AB2B00E48C3C /* FirebaseStorageCombine-Community in Frameworks */ = {isa = PBXBuildFile; productRef = 57F7D2632B32AB2B00E48C3C /* FirebaseStorageCombine-Community */; };
		57F7D26A2B32B11100E48C3C /* AuthenticationView.swift in Sources */ = {isa = PBXBuildFile; fileRef = 57F7D2692B32B11100E48C3C /* AuthenticationView.swift */; };
		57F7D26E2B32B4EE00E48C3C /* SignInWithEmailView.swift in Sources */ = {isa = PBXBuildFile; fileRef = 57F7D26D2B32B4EE00E48C3C /* SignInWithEmailView.swift */; };
		57F7D2702B32B8B800E48C3C /* AuthenticationManager.swift in Sources */ = {isa = PBXBuildFile; fileRef = 57F7D26F2B32B8B800E48C3C /* AuthenticationManager.swift */; };
		57F7D2722B32C27200E48C3C /* RootView.swift in Sources */ = {isa = PBXBuildFile; fileRef = 57F7D2712B32C27200E48C3C /* RootView.swift */; };
		57F7D2742B32C6A700E48C3C /* Settingsview.swift in Sources */ = {isa = PBXBuildFile; fileRef = 57F7D2732B32C6A700E48C3C /* Settingsview.swift */; };
/* End PBXBuildFile section */

/* Begin PBXFileReference section */
		57235F062B3312A10016D965 /* LandingView.swift */ = {isa = PBXFileReference; lastKnownFileType = sourcecode.swift; path = LandingView.swift; sourceTree = "<group>"; };
		57F7D2192B32A88B00E48C3C /* test.app */ = {isa = PBXFileReference; explicitFileType = wrapper.application; includeInIndex = 0; path = test.app; sourceTree = BUILT_PRODUCTS_DIR; };
		57F7D21C2B32A88B00E48C3C /* testApp.swift */ = {isa = PBXFileReference; lastKnownFileType = sourcecode.swift; path = testApp.swift; sourceTree = "<group>"; };
		57F7D21E2B32A88B00E48C3C /* ContentView.swift */ = {isa = PBXFileReference; lastKnownFileType = sourcecode.swift; path = ContentView.swift; sourceTree = "<group>"; };
		57F7D2202B32A88C00E48C3C /* Assets.xcassets */ = {isa = PBXFileReference; lastKnownFileType = folder.assetcatalog; path = Assets.xcassets; sourceTree = "<group>"; };
		57F7D2232B32A88C00E48C3C /* Preview Assets.xcassets */ = {isa = PBXFileReference; lastKnownFileType = folder.assetcatalog; path = "Preview Assets.xcassets"; sourceTree = "<group>"; };
		57F7D22C2B32AA4800E48C3C /* GoogleService-Info.plist */ = {isa = PBXFileReference; fileEncoding = 4; lastKnownFileType = text.plist.xml; name = "GoogleService-Info.plist"; path = "../../../../Downloads/GoogleService-Info.plist"; sourceTree = "<group>"; };
		57F7D2692B32B11100E48C3C /* AuthenticationView.swift */ = {isa = PBXFileReference; lastKnownFileType = sourcecode.swift; path = AuthenticationView.swift; sourceTree = "<group>"; };
		57F7D26D2B32B4EE00E48C3C /* SignInWithEmailView.swift */ = {isa = PBXFileReference; lastKnownFileType = sourcecode.swift; path = SignInWithEmailView.swift; sourceTree = "<group>"; };
		57F7D26F2B32B8B800E48C3C /* AuthenticationManager.swift */ = {isa = PBXFileReference; lastKnownFileType = sourcecode.swift; path = AuthenticationManager.swift; sourceTree = "<group>"; };
		57F7D2712B32C27200E48C3C /* RootView.swift */ = {isa = PBXFileReference; lastKnownFileType = sourcecode.swift; path = RootView.swift; sourceTree = "<group>"; };
		57F7D2732B32C6A700E48C3C /* Settingsview.swift */ = {isa = PBXFileReference; lastKnownFileType = sourcecode.swift; path = Settingsview.swift; sourceTree = "<group>"; };
/* End PBXFileReference section */

/* Begin PBXFrameworksBuildPhase section */
		57F7D2162B32A88B00E48C3C /* Frameworks */ = {
			isa = PBXFrameworksBuildPhase;
			buildActionMask = 2147483647;
			files = (
				57F7D2422B32AB2B00E48C3C /* FirebaseDatabase in Frameworks */,
				57F7D2502B32AB2B00E48C3C /* FirebaseFunctionsCombine-Community in Frameworks */,
				57F7D2482B32AB2B00E48C3C /* FirebaseFirestore in Frameworks */,
				57F7D2342B32AB2B00E48C3C /* FirebaseAnalyticsSwift in Frameworks */,
				57F7D2302B32AB2B00E48C3C /* FirebaseAnalytics in Frameworks */,
				57F7D2322B32AB2B00E48C3C /* FirebaseAnalyticsOnDeviceConversion in Frameworks */,
				57F7D2582B32AB2B00E48C3C /* FirebaseMLModelDownloader in Frameworks */,
				57F7D24C2B32AB2B00E48C3C /* FirebaseFirestoreSwift in Frameworks */,
				57F7D2382B32AB2B00E48C3C /* FirebaseAppCheck in Frameworks */,
				57F7D2362B32AB2B00E48C3C /* FirebaseAnalyticsWithoutAdIdSupport in Frameworks */,
				57F7D23C2B32AB2B00E48C3C /* FirebaseAuth in Frameworks */,
				57F7D2402B32AB2B00E48C3C /* FirebaseCrashlytics in Frameworks */,
				57F7D2602B32AB2B00E48C3C /* FirebaseRemoteConfigSwift in Frameworks */,
				57F7D2522B32AB2B00E48C3C /* FirebaseInAppMessaging-Beta in Frameworks */,
				57F7D2442B32AB2B00E48C3C /* FirebaseDatabaseSwift in Frameworks */,
				57F7D24E2B32AB2B00E48C3C /* FirebaseFunctions in Frameworks */,
				57F7D2642B32AB2B00E48C3C /* FirebaseStorageCombine-Community in Frameworks */,
				57F7D25E2B32AB2B00E48C3C /* FirebaseRemoteConfig in Frameworks */,
				57F7D23A2B32AB2B00E48C3C /* FirebaseAppDistribution-Beta in Frameworks */,
				57F7D23E2B32AB2B00E48C3C /* FirebaseAuthCombine-Community in Frameworks */,
				57F7D25C2B32AB2B00E48C3C /* FirebasePerformance in Frameworks */,
				57F7D2542B32AB2B00E48C3C /* FirebaseInAppMessagingSwift-Beta in Frameworks */,
				57F7D2622B32AB2B00E48C3C /* FirebaseStorage in Frameworks */,
				57F7D2462B32AB2B00E48C3C /* FirebaseDynamicLinks in Frameworks */,
				57F7D24A2B32AB2B00E48C3C /* FirebaseFirestoreCombine-Community in Frameworks */,
				57F7D25A2B32AB2B00E48C3C /* FirebaseMessaging in Frameworks */,
				57F7D2562B32AB2B00E48C3C /* FirebaseInstallations in Frameworks */,
			);
			runOnlyForDeploymentPostprocessing = 0;
		};
/* End PBXFrameworksBuildPhase section */

/* Begin PBXGroup section */
		57F7D2102B32A88B00E48C3C = {
			isa = PBXGroup;
			children = (
				57F7D21B2B32A88B00E48C3C /* test */,
				57F7D21A2B32A88B00E48C3C /* Products */,
			);
			sourceTree = "<group>";
		};
		57F7D21A2B32A88B00E48C3C /* Products */ = {
			isa = PBXGroup;
			children = (
				57F7D2192B32A88B00E48C3C /* test.app */,
			);
			name = Products;
			sourceTree = "<group>";
		};
		57F7D21B2B32A88B00E48C3C /* test */ = {
			isa = PBXGroup;
			children = (
				57235F062B3312A10016D965 /* LandingView.swift */,
				57F7D21C2B32A88B00E48C3C /* testApp.swift */,
				57F7D21E2B32A88B00E48C3C /* ContentView.swift */,
				57F7D2682B32B0FB00E48C3C /* Authentication */,
				57F7D2202B32A88C00E48C3C /* Assets.xcassets */,
				57F7D22C2B32AA4800E48C3C /* GoogleService-Info.plist */,
				57F7D2222B32A88C00E48C3C /* Preview Content */,
			);
			path = test;
			sourceTree = "<group>";
		};
		57F7D2222B32A88C00E48C3C /* Preview Content */ = {
			isa = PBXGroup;
			children = (
				57F7D2232B32A88C00E48C3C /* Preview Assets.xcassets */,
			);
			path = "Preview Content";
			sourceTree = "<group>";
		};
		57F7D2682B32B0FB00E48C3C /* Authentication */ = {
			isa = PBXGroup;
			children = (
				57F7D2692B32B11100E48C3C /* AuthenticationView.swift */,
				57F7D26D2B32B4EE00E48C3C /* SignInWithEmailView.swift */,
				57F7D26F2B32B8B800E48C3C /* AuthenticationManager.swift */,
				57F7D2732B32C6A700E48C3C /* Settingsview.swift */,
				57F7D2712B32C27200E48C3C /* RootView.swift */,
			);
			path = Authentication;
			sourceTree = "<group>";
		};
/* End PBXGroup section */

/* Begin PBXNativeTarget section */
		57F7D2182B32A88B00E48C3C /* test */ = {
			isa = PBXNativeTarget;
			buildConfigurationList = 57F7D2272B32A88C00E48C3C /* Build configuration list for PBXNativeTarget "test" */;
			buildPhases = (
				57F7D2152B32A88B00E48C3C /* Sources */,
				57F7D2162B32A88B00E48C3C /* Frameworks */,
				57F7D2172B32A88B00E48C3C /* Resources */,
			);
			buildRules = (
			);
			dependencies = (
			);
			name = test;
			packageProductDependencies = (
				57F7D22F2B32AB2B00E48C3C /* FirebaseAnalytics */,
				57F7D2312B32AB2B00E48C3C /* FirebaseAnalyticsOnDeviceConversion */,
				57F7D2332B32AB2B00E48C3C /* FirebaseAnalyticsSwift */,
				57F7D2352B32AB2B00E48C3C /* FirebaseAnalyticsWithoutAdIdSupport */,
				57F7D2372B32AB2B00E48C3C /* FirebaseAppCheck */,
				57F7D2392B32AB2B00E48C3C /* FirebaseAppDistribution-Beta */,
				57F7D23B2B32AB2B00E48C3C /* FirebaseAuth */,
				57F7D23D2B32AB2B00E48C3C /* FirebaseAuthCombine-Community */,
				57F7D23F2B32AB2B00E48C3C /* FirebaseCrashlytics */,
				57F7D2412B32AB2B00E48C3C /* FirebaseDatabase */,
				57F7D2432B32AB2B00E48C3C /* FirebaseDatabaseSwift */,
				57F7D2452B32AB2B00E48C3C /* FirebaseDynamicLinks */,
				57F7D2472B32AB2B00E48C3C /* FirebaseFirestore */,
				57F7D2492B32AB2B00E48C3C /* FirebaseFirestoreCombine-Community */,
				57F7D24B2B32AB2B00E48C3C /* FirebaseFirestoreSwift */,
				57F7D24D2B32AB2B00E48C3C /* FirebaseFunctions */,
				57F7D24F2B32AB2B00E48C3C /* FirebaseFunctionsCombine-Community */,
				57F7D2512B32AB2B00E48C3C /* FirebaseInAppMessaging-Beta */,
				57F7D2532B32AB2B00E48C3C /* FirebaseInAppMessagingSwift-Beta */,
				57F7D2552B32AB2B00E48C3C /* FirebaseInstallations */,
				57F7D2572B32AB2B00E48C3C /* FirebaseMLModelDownloader */,
				57F7D2592B32AB2B00E48C3C /* FirebaseMessaging */,
				57F7D25B2B32AB2B00E48C3C /* FirebasePerformance */,
				57F7D25D2B32AB2B00E48C3C /* FirebaseRemoteConfig */,
				57F7D25F2B32AB2B00E48C3C /* FirebaseRemoteConfigSwift */,
				57F7D2612B32AB2B00E48C3C /* FirebaseStorage */,
				57F7D2632B32AB2B00E48C3C /* FirebaseStorageCombine-Community */,
			);
			productName = test;
			productReference = 57F7D2192B32A88B00E48C3C /* test.app */;
			productType = "com.apple.product-type.application";
		};
/* End PBXNativeTarget section */

/* Begin PBXProject section */
		57F7D2112B32A88B00E48C3C /* Project object */ = {
			isa = PBXProject;
			attributes = {
				BuildIndependentTargetsInParallel = 1;
				LastSwiftUpdateCheck = 1510;
				LastUpgradeCheck = 1510;
				TargetAttributes = {
					57F7D2182B32A88B00E48C3C = {
						CreatedOnToolsVersion = 15.1;
					};
				};
			};
			buildConfigurationList = 57F7D2142B32A88B00E48C3C /* Build configuration list for PBXProject "test" */;
			compatibilityVersion = "Xcode 14.0";
			developmentRegion = en;
			hasScannedForEncodings = 0;
			knownRegions = (
				en,
				Base,
			);
			mainGroup = 57F7D2102B32A88B00E48C3C;
			packageReferences = (
				57F7D22E2B32AB2B00E48C3C /* XCRemoteSwiftPackageReference "firebase-ios-sdk" */,
			);
			productRefGroup = 57F7D21A2B32A88B00E48C3C /* Products */;
			projectDirPath = "";
			projectRoot = "";
			targets = (
				57F7D2182B32A88B00E48C3C /* test */,
			);
		};
/* End PBXProject section */

/* Begin PBXResourcesBuildPhase section */
		57F7D2172B32A88B00E48C3C /* Resources */ = {
			isa = PBXResourcesBuildPhase;
			buildActionMask = 2147483647;
			files = (
				57F7D2242B32A88C00E48C3C /* Preview Assets.xcassets in Resources */,
				57F7D2212B32A88C00E48C3C /* Assets.xcassets in Resources */,
				57F7D22D2B32AA4800E48C3C /* GoogleService-Info.plist in Resources */,
			);
			runOnlyForDeploymentPostprocessing = 0;
		};
/* End PBXResourcesBuildPhase section */

/* Begin PBXSourcesBuildPhase section */
		57F7D2152B32A88B00E48C3C /* Sources */ = {
			isa = PBXSourcesBuildPhase;
			buildActionMask = 2147483647;
			files = (
				57F7D2742B32C6A700E48C3C /* Settingsview.swift in Sources */,
				57F7D21F2B32A88B00E48C3C /* ContentView.swift in Sources */,
				57F7D21D2B32A88B00E48C3C /* testApp.swift in Sources */,
				57F7D2722B32C27200E48C3C /* RootView.swift in Sources */,
				57235F072B3312A10016D965 /* LandingView.swift in Sources */,
				57F7D26A2B32B11100E48C3C /* AuthenticationView.swift in Sources */,
				57F7D2702B32B8B800E48C3C /* AuthenticationManager.swift in Sources */,
				57F7D26E2B32B4EE00E48C3C /* SignInWithEmailView.swift in Sources */,
			);
			runOnlyForDeploymentPostprocessing = 0;
		};
/* End PBXSourcesBuildPhase section */

/* Begin XCBuildConfiguration section */
		57F7D2252B32A88C00E48C3C /* Debug */ = {
			isa = XCBuildConfiguration;
			buildSettings = {
				ALWAYS_SEARCH_USER_PATHS = NO;
				ASSETCATALOG_COMPILER_GENERATE_SWIFT_ASSET_SYMBOL_EXTENSIONS = YES;
				CLANG_ANALYZER_NONNULL = YES;
				CLANG_ANALYZER_NUMBER_OBJECT_CONVERSION = YES_AGGRESSIVE;
				CLANG_CXX_LANGUAGE_STANDARD = "gnu++20";
				CLANG_ENABLE_MODULES = YES;
				CLANG_ENABLE_OBJC_ARC = YES;
				CLANG_ENABLE_OBJC_WEAK = YES;
				CLANG_WARN_BLOCK_CAPTURE_AUTORELEASING = YES;
				CLANG_WARN_BOOL_CONVERSION = YES;
				CLANG_WARN_COMMA = YES;
				CLANG_WARN_CONSTANT_CONVERSION = YES;
				CLANG_WARN_DEPRECATED_OBJC_IMPLEMENTATIONS = YES;
				CLANG_WARN_DIRECT_OBJC_ISA_USAGE = YES_ERROR;
				CLANG_WARN_DOCUMENTATION_COMMENTS = YES;
				CLANG_WARN_EMPTY_BODY = YES;
				CLANG_WARN_ENUM_CONVERSION = YES;
				CLANG_WARN_INFINITE_RECURSION = YES;
				CLANG_WARN_INT_CONVERSION = YES;
				CLANG_WARN_NON_LITERAL_NULL_CONVERSION = YES;
				CLANG_WARN_OBJC_IMPLICIT_RETAIN_SELF = YES;
				CLANG_WARN_OBJC_LITERAL_CONVERSION = YES;
				CLANG_WARN_OBJC_ROOT_CLASS = YES_ERROR;
				CLANG_WARN_QUOTED_INCLUDE_IN_FRAMEWORK_HEADER = YES;
				CLANG_WARN_RANGE_LOOP_ANALYSIS = YES;
				CLANG_WARN_STRICT_PROTOTYPES = YES;
				CLANG_WARN_SUSPICIOUS_MOVE = YES;
				CLANG_WARN_UNGUARDED_AVAILABILITY = YES_AGGRESSIVE;
				CLANG_WARN_UNREACHABLE_CODE = YES;
				CLANG_WARN__DUPLICATE_METHOD_MATCH = YES;
				COPY_PHASE_STRIP = NO;
				DEBUG_INFORMATION_FORMAT = dwarf;
				ENABLE_STRICT_OBJC_MSGSEND = YES;
				ENABLE_TESTABILITY = YES;
				ENABLE_USER_SCRIPT_SANDBOXING = YES;
				GCC_C_LANGUAGE_STANDARD = gnu17;
				GCC_DYNAMIC_NO_PIC = NO;
				GCC_NO_COMMON_BLOCKS = YES;
				GCC_OPTIMIZATION_LEVEL = 0;
				GCC_PREPROCESSOR_DEFINITIONS = (
					"DEBUG=1",
					"$(inherited)",
				);
				GCC_WARN_64_TO_32_BIT_CONVERSION = YES;
				GCC_WARN_ABOUT_RETURN_TYPE = YES_ERROR;
				GCC_WARN_UNDECLARED_SELECTOR = YES;
				GCC_WARN_UNINITIALIZED_AUTOS = YES_AGGRESSIVE;
				GCC_WARN_UNUSED_FUNCTION = YES;
				GCC_WARN_UNUSED_VARIABLE = YES;
				IPHONEOS_DEPLOYMENT_TARGET = 17.2;
				LOCALIZATION_PREFERS_STRING_CATALOGS = YES;
				MTL_ENABLE_DEBUG_INFO = INCLUDE_SOURCE;
				MTL_FAST_MATH = YES;
				ONLY_ACTIVE_ARCH = YES;
				SDKROOT = iphoneos;
				SWIFT_ACTIVE_COMPILATION_CONDITIONS = "DEBUG $(inherited)";
				SWIFT_OPTIMIZATION_LEVEL = "-Onone";
			};
			name = Debug;
		};
		57F7D2262B32A88C00E48C3C /* Release */ = {
			isa = XCBuildConfiguration;
			buildSettings = {
				ALWAYS_SEARCH_USER_PATHS = NO;
				ASSETCATALOG_COMPILER_GENERATE_SWIFT_ASSET_SYMBOL_EXTENSIONS = YES;
				CLANG_ANALYZER_NONNULL = YES;
				CLANG_ANALYZER_NUMBER_OBJECT_CONVERSION = YES_AGGRESSIVE;
				CLANG_CXX_LANGUAGE_STANDARD = "gnu++20";
				CLANG_ENABLE_MODULES = YES;
				CLANG_ENABLE_OBJC_ARC = YES;
				CLANG_ENABLE_OBJC_WEAK = YES;
				CLANG_WARN_BLOCK_CAPTURE_AUTORELEASING = YES;
				CLANG_WARN_BOOL_CONVERSION = YES;
				CLANG_WARN_COMMA = YES;
				CLANG_WARN_CONSTANT_CONVERSION = YES;
				CLANG_WARN_DEPRECATED_OBJC_IMPLEMENTATIONS = YES;
				CLANG_WARN_DIRECT_OBJC_ISA_USAGE = YES_ERROR;
				CLANG_WARN_DOCUMENTATION_COMMENTS = YES;
				CLANG_WARN_EMPTY_BODY = YES;
				CLANG_WARN_ENUM_CONVERSION = YES;
				CLANG_WARN_INFINITE_RECURSION = YES;
				CLANG_WARN_INT_CONVERSION = YES;
				CLANG_WARN_NON_LITERAL_NULL_CONVERSION = YES;
				CLANG_WARN_OBJC_IMPLICIT_RETAIN_SELF = YES;
				CLANG_WARN_OBJC_LITERAL_CONVERSION = YES;
				CLANG_WARN_OBJC_ROOT_CLASS = YES_ERROR;
				CLANG_WARN_QUOTED_INCLUDE_IN_FRAMEWORK_HEADER = YES;
				CLANG_WARN_RANGE_LOOP_ANALYSIS = YES;
				CLANG_WARN_STRICT_PROTOTYPES = YES;
				CLANG_WARN_SUSPICIOUS_MOVE = YES;
				CLANG_WARN_UNGUARDED_AVAILABILITY = YES_AGGRESSIVE;
				CLANG_WARN_UNREACHABLE_CODE = YES;
				CLANG_WARN__DUPLICATE_METHOD_MATCH = YES;
				COPY_PHASE_STRIP = NO;
				DEBUG_INFORMATION_FORMAT = "dwarf-with-dsym";
				ENABLE_NS_ASSERTIONS = NO;
				ENABLE_STRICT_OBJC_MSGSEND = YES;
				ENABLE_USER_SCRIPT_SANDBOXING = YES;
				GCC_C_LANGUAGE_STANDARD = gnu17;
				GCC_NO_COMMON_BLOCKS = YES;
				GCC_WARN_64_TO_32_BIT_CONVERSION = YES;
				GCC_WARN_ABOUT_RETURN_TYPE = YES_ERROR;
				GCC_WARN_UNDECLARED_SELECTOR = YES;
				GCC_WARN_UNINITIALIZED_AUTOS = YES_AGGRESSIVE;
				GCC_WARN_UNUSED_FUNCTION = YES;
				GCC_WARN_UNUSED_VARIABLE = YES;
				IPHONEOS_DEPLOYMENT_TARGET = 17.2;
				LOCALIZATION_PREFERS_STRING_CATALOGS = YES;
				MTL_ENABLE_DEBUG_INFO = NO;
				MTL_FAST_MATH = YES;
				SDKROOT = iphoneos;
				SWIFT_COMPILATION_MODE = wholemodule;
				VALIDATE_PRODUCT = YES;
			};
			name = Release;
		};
		57F7D2282B32A88C00E48C3C /* Debug */ = {
			isa = XCBuildConfiguration;
			buildSettings = {
				ASSETCATALOG_COMPILER_APPICON_NAME = AppIcon;
				ASSETCATALOG_COMPILER_GLOBAL_ACCENT_COLOR_NAME = AccentColor;
				CODE_SIGN_STYLE = Automatic;
				CURRENT_PROJECT_VERSION = 1;
				DEVELOPMENT_ASSET_PATHS = "\"test/Preview Content\"";
				DEVELOPMENT_TEAM = UC9DUX7Q6X;
				ENABLE_PREVIEWS = YES;
				GENERATE_INFOPLIST_FILE = YES;
				INFOPLIST_KEY_UIApplicationSceneManifest_Generation = YES;
				INFOPLIST_KEY_UIApplicationSupportsIndirectInputEvents = YES;
				INFOPLIST_KEY_UILaunchScreen_Generation = YES;
				INFOPLIST_KEY_UISupportedInterfaceOrientations_iPad = "UIInterfaceOrientationPortrait UIInterfaceOrientationPortraitUpsideDown UIInterfaceOrientationLandscapeLeft UIInterfaceOrientationLandscapeRight";
				INFOPLIST_KEY_UISupportedInterfaceOrientations_iPhone = "UIInterfaceOrientationPortrait UIInterfaceOrientationLandscapeLeft UIInterfaceOrientationLandscapeRight";
				LD_RUNPATH_SEARCH_PATHS = (
					"$(inherited)",
					"@executable_path/Frameworks",
				);
				MARKETING_VERSION = 1.0;
				PRODUCT_BUNDLE_IDENTIFIER = com.xstcy.test;
				PRODUCT_NAME = "$(TARGET_NAME)";
				SWIFT_EMIT_LOC_STRINGS = YES;
				SWIFT_VERSION = 5.0;
				TARGETED_DEVICE_FAMILY = "1,2";
			};
			name = Debug;
		};
		57F7D2292B32A88C00E48C3C /* Release */ = {
			isa = XCBuildConfiguration;
			buildSettings = {
				ASSETCATALOG_COMPILER_APPICON_NAME = AppIcon;
				ASSETCATALOG_COMPILER_GLOBAL_ACCENT_COLOR_NAME = AccentColor;
				CODE_SIGN_STYLE = Automatic;
				CURRENT_PROJECT_VERSION = 1;
				DEVELOPMENT_ASSET_PATHS = "\"test/Preview Content\"";
				DEVELOPMENT_TEAM = UC9DUX7Q6X;
				ENABLE_PREVIEWS = YES;
				GENERATE_INFOPLIST_FILE = YES;
				INFOPLIST_KEY_UIApplicationSceneManifest_Generation = YES;
				INFOPLIST_KEY_UIApplicationSupportsIndirectInputEvents = YES;
				INFOPLIST_KEY_UILaunchScreen_Generation = YES;
				INFOPLIST_KEY_UISupportedInterfaceOrientations_iPad = "UIInterfaceOrientationPortrait UIInterfaceOrientationPortraitUpsideDown UIInterfaceOrientationLandscapeLeft UIInterfaceOrientationLandscapeRight";
				INFOPLIST_KEY_UISupportedInterfaceOrientations_iPhone = "UIInterfaceOrientationPortrait UIInterfaceOrientationLandscapeLeft UIInterfaceOrientationLandscapeRight";
				LD_RUNPATH_SEARCH_PATHS = (
					"$(inherited)",
					"@executable_path/Frameworks",
				);
				MARKETING_VERSION = 1.0;
				PRODUCT_BUNDLE_IDENTIFIER = com.xstcy.test;
				PRODUCT_NAME = "$(TARGET_NAME)";
				SWIFT_EMIT_LOC_STRINGS = YES;
				SWIFT_VERSION = 5.0;
				TARGETED_DEVICE_FAMILY = "1,2";
			};
			name = Release;
		};
/* End XCBuildConfiguration section */

/* Begin XCConfigurationList section */
		57F7D2142B32A88B00E48C3C /* Build configuration list for PBXProject "test" */ = {
			isa = XCConfigurationList;
			buildConfigurations = (
				57F7D2252B32A88C00E48C3C /* Debug */,
				57F7D2262B32A88C00E48C3C /* Release */,
			);
			defaultConfigurationIsVisible = 0;
			defaultConfigurationName = Release;
		};
		57F7D2272B32A88C00E48C3C /* Build configuration list for PBXNativeTarget "test" */ = {
			isa = XCConfigurationList;
			buildConfigurations = (
				57F7D2282B32A88C00E48C3C /* Debug */,
				57F7D2292B32A88C00E48C3C /* Release */,
			);
			defaultConfigurationIsVisible = 0;
			defaultConfigurationName = Release;
		};
/* End XCConfigurationList section */

/* Begin XCRemoteSwiftPackageReference section */
		57F7D22E2B32AB2B00E48C3C /* XCRemoteSwiftPackageReference "firebase-ios-sdk" */ = {
			isa = XCRemoteSwiftPackageReference;
			repositoryURL = "https://github.com/firebase/firebase-ios-sdk";
			requirement = {
				kind = upToNextMajorVersion;
				minimumVersion = 10.19.1;
			};
		};
/* End XCRemoteSwiftPackageReference section */

/* Begin XCSwiftPackageProductDependency section */
		57F7D22F2B32AB2B00E48C3C /* FirebaseAnalytics */ = {
			isa = XCSwiftPackageProductDependency;
			package = 57F7D22E2B32AB2B00E48C3C /* XCRemoteSwiftPackageReference "firebase-ios-sdk" */;
			productName = FirebaseAnalytics;
		};
		57F7D2312B32AB2B00E48C3C /* FirebaseAnalyticsOnDeviceConversion */ = {
			isa = XCSwiftPackageProductDependency;
			package = 57F7D22E2B32AB2B00E48C3C /* XCRemoteSwiftPackageReference "firebase-ios-sdk" */;
			productName = FirebaseAnalyticsOnDeviceConversion;
		};
		57F7D2332B32AB2B00E48C3C /* FirebaseAnalyticsSwift */ = {
			isa = XCSwiftPackageProductDependency;
			package = 57F7D22E2B32AB2B00E48C3C /* XCRemoteSwiftPackageReference "firebase-ios-sdk" */;
			productName = FirebaseAnalyticsSwift;
		};
		57F7D2352B32AB2B00E48C3C /* FirebaseAnalyticsWithoutAdIdSupport */ = {
			isa = XCSwiftPackageProductDependency;
			package = 57F7D22E2B32AB2B00E48C3C /* XCRemoteSwiftPackageReference "firebase-ios-sdk" */;
			productName = FirebaseAnalyticsWithoutAdIdSupport;
		};
		57F7D2372B32AB2B00E48C3C /* FirebaseAppCheck */ = {
			isa = XCSwiftPackageProductDependency;
			package = 57F7D22E2B32AB2B00E48C3C /* XCRemoteSwiftPackageReference "firebase-ios-sdk" */;
			productName = FirebaseAppCheck;
		};
		57F7D2392B32AB2B00E48C3C /* FirebaseAppDistribution-Beta */ = {
			isa = XCSwiftPackageProductDependency;
			package = 57F7D22E2B32AB2B00E48C3C /* XCRemoteSwiftPackageReference "firebase-ios-sdk" */;
			productName = "FirebaseAppDistribution-Beta";
		};
		57F7D23B2B32AB2B00E48C3C /* FirebaseAuth */ = {
			isa = XCSwiftPackageProductDependency;
			package = 57F7D22E2B32AB2B00E48C3C /* XCRemoteSwiftPackageReference "firebase-ios-sdk" */;
			productName = FirebaseAuth;
		};
		57F7D23D2B32AB2B00E48C3C /* FirebaseAuthCombine-Community */ = {
			isa = XCSwiftPackageProductDependency;
			package = 57F7D22E2B32AB2B00E48C3C /* XCRemoteSwiftPackageReference "firebase-ios-sdk" */;
			productName = "FirebaseAuthCombine-Community";
		};
		57F7D23F2B32AB2B00E48C3C /* FirebaseCrashlytics */ = {
			isa = XCSwiftPackageProductDependency;
			package = 57F7D22E2B32AB2B00E48C3C /* XCRemoteSwiftPackageReference "firebase-ios-sdk" */;
			productName = FirebaseCrashlytics;
		};
		57F7D2412B32AB2B00E48C3C /* FirebaseDatabase */ = {
			isa = XCSwiftPackageProductDependency;
			package = 57F7D22E2B32AB2B00E48C3C /* XCRemoteSwiftPackageReference "firebase-ios-sdk" */;
			productName = FirebaseDatabase;
		};
		57F7D2432B32AB2B00E48C3C /* FirebaseDatabaseSwift */ = {
			isa = XCSwiftPackageProductDependency;
			package = 57F7D22E2B32AB2B00E48C3C /* XCRemoteSwiftPackageReference "firebase-ios-sdk" */;
			productName = FirebaseDatabaseSwift;
		};
		57F7D2452B32AB2B00E48C3C /* FirebaseDynamicLinks */ = {
			isa = XCSwiftPackageProductDependency;
			package = 57F7D22E2B32AB2B00E48C3C /* XCRemoteSwiftPackageReference "firebase-ios-sdk" */;
			productName = FirebaseDynamicLinks;
		};
		57F7D2472B32AB2B00E48C3C /* FirebaseFirestore */ = {
			isa = XCSwiftPackageProductDependency;
			package = 57F7D22E2B32AB2B00E48C3C /* XCRemoteSwiftPackageReference "firebase-ios-sdk" */;
			productName = FirebaseFirestore;
		};
		57F7D2492B32AB2B00E48C3C /* FirebaseFirestoreCombine-Community */ = {
			isa = XCSwiftPackageProductDependency;
			package = 57F7D22E2B32AB2B00E48C3C /* XCRemoteSwiftPackageReference "firebase-ios-sdk" */;
			productName = "FirebaseFirestoreCombine-Community";
		};
		57F7D24B2B32AB2B00E48C3C /* FirebaseFirestoreSwift */ = {
			isa = XCSwiftPackageProductDependency;
			package = 57F7D22E2B32AB2B00E48C3C /* XCRemoteSwiftPackageReference "firebase-ios-sdk" */;
			productName = FirebaseFirestoreSwift;
		};
		57F7D24D2B32AB2B00E48C3C /* FirebaseFunctions */ = {
			isa = XCSwiftPackageProductDependency;
			package = 57F7D22E2B32AB2B00E48C3C /* XCRemoteSwiftPackageReference "firebase-ios-sdk" */;
			productName = FirebaseFunctions;
		};
		57F7D24F2B32AB2B00E48C3C /* FirebaseFunctionsCombine-Community */ = {
			isa = XCSwiftPackageProductDependency;
			package = 57F7D22E2B32AB2B00E48C3C /* XCRemoteSwiftPackageReference "firebase-ios-sdk" */;
			productName = "FirebaseFunctionsCombine-Community";
		};
		57F7D2512B32AB2B00E48C3C /* FirebaseInAppMessaging-Beta */ = {
			isa = XCSwiftPackageProductDependency;
			package = 57F7D22E2B32AB2B00E48C3C /* XCRemoteSwiftPackageReference "firebase-ios-sdk" */;
			productName = "FirebaseInAppMessaging-Beta";
		};
		57F7D2532B32AB2B00E48C3C /* FirebaseInAppMessagingSwift-Beta */ = {
			isa = XCSwiftPackageProductDependency;
			package = 57F7D22E2B32AB2B00E48C3C /* XCRemoteSwiftPackageReference "firebase-ios-sdk" */;
			productName = "FirebaseInAppMessagingSwift-Beta";
		};
		57F7D2552B32AB2B00E48C3C /* FirebaseInstallations */ = {
			isa = XCSwiftPackageProductDependency;
			package = 57F7D22E2B32AB2B00E48C3C /* XCRemoteSwiftPackageReference "firebase-ios-sdk" */;
			productName = FirebaseInstallations;
		};
		57F7D2572B32AB2B00E48C3C /* FirebaseMLModelDownloader */ = {
			isa = XCSwiftPackageProductDependency;
			package = 57F7D22E2B32AB2B00E48C3C /* XCRemoteSwiftPackageReference "firebase-ios-sdk" */;
			productName = FirebaseMLModelDownloader;
		};
		57F7D2592B32AB2B00E48C3C /* FirebaseMessaging */ = {
			isa = XCSwiftPackageProductDependency;
			package = 57F7D22E2B32AB2B00E48C3C /* XCRemoteSwiftPackageReference "firebase-ios-sdk" */;
			productName = FirebaseMessaging;
		};
		57F7D25B2B32AB2B00E48C3C /* FirebasePerformance */ = {
			isa = XCSwiftPackageProductDependency;
			package = 57F7D22E2B32AB2B00E48C3C /* XCRemoteSwiftPackageReference "firebase-ios-sdk" */;
			productName = FirebasePerformance;
		};
		57F7D25D2B32AB2B00E48C3C /* FirebaseRemoteConfig */ = {
			isa = XCSwiftPackageProductDependency;
			package = 57F7D22E2B32AB2B00E48C3C /* XCRemoteSwiftPackageReference "firebase-ios-sdk" */;
			productName = FirebaseRemoteConfig;
		};
		57F7D25F2B32AB2B00E48C3C /* FirebaseRemoteConfigSwift */ = {
			isa = XCSwiftPackageProductDependency;
			package = 57F7D22E2B32AB2B00E48C3C /* XCRemoteSwiftPackageReference "firebase-ios-sdk" */;
			productName = FirebaseRemoteConfigSwift;
		};
		57F7D2612B32AB2B00E48C3C /* FirebaseStorage */ = {
			isa = XCSwiftPackageProductDependency;
			package = 57F7D22E2B32AB2B00E48C3C /* XCRemoteSwiftPackageReference "firebase-ios-sdk" */;
			productName = FirebaseStorage;
		};
		57F7D2632B32AB2B00E48C3C /* FirebaseStorageCombine-Community */ = {
			isa = XCSwiftPackageProductDependency;
			package = 57F7D22E2B32AB2B00E48C3C /* XCRemoteSwiftPackageReference "firebase-ios-sdk" */;
			productName = "FirebaseStorageCombine-Community";
		};
/* End XCSwiftPackageProductDependency section */
	};
	rootObject = 57F7D2112B32A88B00E48C3C /* Project object */;
}
